// !$*UTF8*$!
{
	archiveVersion = 1;
	classes = {
	};
	objectVersion = 56;
	objects = {

/* Begin PBXBuildFile section */
		020564EF2B4A9E60001469DE /* UITextField+Extension.swift in Sources */ = {isa = PBXBuildFile; fileRef = 020564EE2B4A9E60001469DE /* UITextField+Extension.swift */; };
		021B8FB52B47E180000856E4 /* UITableViewCell+Extension.swift in Sources */ = {isa = PBXBuildFile; fileRef = 021B8FB42B47E180000856E4 /* UITableViewCell+Extension.swift */; };
		021B8FB72B47E1ED000856E4 /* UITableViewHeaderFooterView+Extension.swift in Sources */ = {isa = PBXBuildFile; fileRef = 021B8FB62B47E1ED000856E4 /* UITableViewHeaderFooterView+Extension.swift */; };
		024F20D82B450FC300B926C7 /* AddTripViewController.swift in Sources */ = {isa = PBXBuildFile; fileRef = 024F20D72B450FC300B926C7 /* AddTripViewController.swift */; };
		024F20DA2B451DAB00B926C7 /* PopupView.swift in Sources */ = {isa = PBXBuildFile; fileRef = 024F20D92B451DAB00B926C7 /* PopupView.swift */; };
		024F20DD2B451FF600B926C7 /* TripButton.swift in Sources */ = {isa = PBXBuildFile; fileRef = 024F20DC2B451FF600B926C7 /* TripButton.swift */; };
		02768FE32B46BC8400FC7154 /* ActivitiesViewController.swift in Sources */ = {isa = PBXBuildFile; fileRef = 02768FE22B46BC8400FC7154 /* ActivitiesViewController.swift */; };
		02768FE62B46DBD700FC7154 /* DayModel.swift in Sources */ = {isa = PBXBuildFile; fileRef = 02768FE52B46DBD700FC7154 /* DayModel.swift */; };
		02768FE82B46DD7500FC7154 /* ActivityModel.swift in Sources */ = {isa = PBXBuildFile; fileRef = 02768FE72B46DD7500FC7154 /* ActivityModel.swift */; };
		02768FEA2B46DDA000FC7154 /* ActivityType.swift in Sources */ = {isa = PBXBuildFile; fileRef = 02768FE92B46DDA000FC7154 /* ActivityType.swift */; };
		028088542B47962D008CFE86 /* ActivityHeader.swift in Sources */ = {isa = PBXBuildFile; fileRef = 028088532B47962D008CFE86 /* ActivityHeader.swift */; };
		028088562B47B964008CFE86 /* ActivityCell.swift in Sources */ = {isa = PBXBuildFile; fileRef = 028088552B47B964008CFE86 /* ActivityCell.swift */; };
		0297E0C62B48FD7A009E039B /* PopupViewController.swift in Sources */ = {isa = PBXBuildFile; fileRef = 0297E0C52B48FD7A009E039B /* PopupViewController.swift */; };
		0297E0C82B490217009E039B /* AddDayViewController.swift in Sources */ = {isa = PBXBuildFile; fileRef = 0297E0C72B490217009E039B /* AddDayViewController.swift */; };
		02B659192B45CF99007FEF93 /* Data.swift in Sources */ = {isa = PBXBuildFile; fileRef = 02B659182B45CF99007FEF93 /* Data.swift */; };
		02B6591B2B462750007FEF93 /* TripHelpView.swift in Sources */ = {isa = PBXBuildFile; fileRef = 02B6591A2B462750007FEF93 /* TripHelpView.swift */; };
		02C212AD2B43264600628732 /* AppDelegate.swift in Sources */ = {isa = PBXBuildFile; fileRef = 02C212AC2B43264600628732 /* AppDelegate.swift */; };
		02C212B62B43264800628732 /* Assets.xcassets in Resources */ = {isa = PBXBuildFile; fileRef = 02C212B52B43264800628732 /* Assets.xcassets */; };
		02C212B92B43264800628732 /* LaunchScreen.storyboard in Resources */ = {isa = PBXBuildFile; fileRef = 02C212B72B43264800628732 /* LaunchScreen.storyboard */; };
		02C33E2C2B43E08B00D21A59 /* TripModel.swift in Sources */ = {isa = PBXBuildFile; fileRef = 02C33E2B2B43E08B00D21A59 /* TripModel.swift */; };
		02C33E2E2B43E09900D21A59 /* TripFunctions.swift in Sources */ = {isa = PBXBuildFile; fileRef = 02C33E2D2B43E09900D21A59 /* TripFunctions.swift */; };
		02C33E332B43EBF400D21A59 /* TripsViewController.swift in Sources */ = {isa = PBXBuildFile; fileRef = 02C33E322B43EBF400D21A59 /* TripsViewController.swift */; };
		02C33E352B43F35600D21A59 /* TripCell.swift in Sources */ = {isa = PBXBuildFile; fileRef = 02C33E342B43F35600D21A59 /* TripCell.swift */; };
		02C33E372B4405ED00D21A59 /* UIView+Extension.swift in Sources */ = {isa = PBXBuildFile; fileRef = 02C33E362B4405ED00D21A59 /* UIView+Extension.swift */; };
		02C33E3D2B44173900D21A59 /* Theme.swift in Sources */ = {isa = PBXBuildFile; fileRef = 02C33E3C2B44173900D21A59 /* Theme.swift */; };
		02C33E402B4417AE00D21A59 /* FugazOne-Regular.ttf in Resources */ = {isa = PBXBuildFile; fileRef = 02C33E3F2B4417AE00D21A59 /* FugazOne-Regular.ttf */; };
		02C33E422B4417BD00D21A59 /* Lobster-Regular.ttf in Resources */ = {isa = PBXBuildFile; fileRef = 02C33E412B4417BC00D21A59 /* Lobster-Regular.ttf */; };
		02C33E442B44730100D21A59 /* UIButton+Extension.swift in Sources */ = {isa = PBXBuildFile; fileRef = 02C33E432B44730100D21A59 /* UIButton+Extension.swift */; };
/* End PBXBuildFile section */

/* Begin PBXFileReference section */
		020564EE2B4A9E60001469DE /* UITextField+Extension.swift */ = {isa = PBXFileReference; lastKnownFileType = sourcecode.swift; path = "UITextField+Extension.swift"; sourceTree = "<group>"; };
		021B8FB42B47E180000856E4 /* UITableViewCell+Extension.swift */ = {isa = PBXFileReference; lastKnownFileType = sourcecode.swift; path = "UITableViewCell+Extension.swift"; sourceTree = "<group>"; };
		021B8FB62B47E1ED000856E4 /* UITableViewHeaderFooterView+Extension.swift */ = {isa = PBXFileReference; lastKnownFileType = sourcecode.swift; path = "UITableViewHeaderFooterView+Extension.swift"; sourceTree = "<group>"; };
		024F20D72B450FC300B926C7 /* AddTripViewController.swift */ = {isa = PBXFileReference; lastKnownFileType = sourcecode.swift; path = AddTripViewController.swift; sourceTree = "<group>"; };
		024F20D92B451DAB00B926C7 /* PopupView.swift */ = {isa = PBXFileReference; lastKnownFileType = sourcecode.swift; path = PopupView.swift; sourceTree = "<group>"; };
		024F20DC2B451FF600B926C7 /* TripButton.swift */ = {isa = PBXFileReference; lastKnownFileType = sourcecode.swift; path = TripButton.swift; sourceTree = "<group>"; };
		02768FE22B46BC8400FC7154 /* ActivitiesViewController.swift */ = {isa = PBXFileReference; lastKnownFileType = sourcecode.swift; path = ActivitiesViewController.swift; sourceTree = "<group>"; };
		02768FE52B46DBD700FC7154 /* DayModel.swift */ = {isa = PBXFileReference; lastKnownFileType = sourcecode.swift; path = DayModel.swift; sourceTree = "<group>"; };
		02768FE72B46DD7500FC7154 /* ActivityModel.swift */ = {isa = PBXFileReference; lastKnownFileType = sourcecode.swift; path = ActivityModel.swift; sourceTree = "<group>"; };
		02768FE92B46DDA000FC7154 /* ActivityType.swift */ = {isa = PBXFileReference; lastKnownFileType = sourcecode.swift; path = ActivityType.swift; sourceTree = "<group>"; };
		028088532B47962D008CFE86 /* ActivityHeader.swift */ = {isa = PBXFileReference; lastKnownFileType = sourcecode.swift; path = ActivityHeader.swift; sourceTree = "<group>"; };
		028088552B47B964008CFE86 /* ActivityCell.swift */ = {isa = PBXFileReference; lastKnownFileType = sourcecode.swift; path = ActivityCell.swift; sourceTree = "<group>"; };
		0297E0C52B48FD7A009E039B /* PopupViewController.swift */ = {isa = PBXFileReference; lastKnownFileType = sourcecode.swift; path = PopupViewController.swift; sourceTree = "<group>"; };
		0297E0C72B490217009E039B /* AddDayViewController.swift */ = {isa = PBXFileReference; lastKnownFileType = sourcecode.swift; path = AddDayViewController.swift; sourceTree = "<group>"; };
		02B659182B45CF99007FEF93 /* Data.swift */ = {isa = PBXFileReference; lastKnownFileType = sourcecode.swift; path = Data.swift; sourceTree = "<group>"; };
		02B6591A2B462750007FEF93 /* TripHelpView.swift */ = {isa = PBXFileReference; lastKnownFileType = sourcecode.swift; path = TripHelpView.swift; sourceTree = "<group>"; };
		02C212A92B43264600628732 /* Itinerary.app */ = {isa = PBXFileReference; explicitFileType = wrapper.application; includeInIndex = 0; path = Itinerary.app; sourceTree = BUILT_PRODUCTS_DIR; };
		02C212AC2B43264600628732 /* AppDelegate.swift */ = {isa = PBXFileReference; lastKnownFileType = sourcecode.swift; path = AppDelegate.swift; sourceTree = "<group>"; };
		02C212B52B43264800628732 /* Assets.xcassets */ = {isa = PBXFileReference; lastKnownFileType = folder.assetcatalog; path = Assets.xcassets; sourceTree = "<group>"; };
		02C212B82B43264800628732 /* Base */ = {isa = PBXFileReference; lastKnownFileType = file.storyboard; name = Base; path = Base.lproj/LaunchScreen.storyboard; sourceTree = "<group>"; };
		02C212BA2B43264800628732 /* Info.plist */ = {isa = PBXFileReference; lastKnownFileType = text.plist.xml; path = Info.plist; sourceTree = "<group>"; };
		02C212C02B4329E000628732 /* README.md */ = {isa = PBXFileReference; lastKnownFileType = net.daringfireball.markdown; path = README.md; sourceTree = "<group>"; };
		02C33E2B2B43E08B00D21A59 /* TripModel.swift */ = {isa = PBXFileReference; lastKnownFileType = sourcecode.swift; path = TripModel.swift; sourceTree = "<group>"; };
		02C33E2D2B43E09900D21A59 /* TripFunctions.swift */ = {isa = PBXFileReference; lastKnownFileType = sourcecode.swift; path = TripFunctions.swift; sourceTree = "<group>"; };
		02C33E322B43EBF400D21A59 /* TripsViewController.swift */ = {isa = PBXFileReference; lastKnownFileType = sourcecode.swift; path = TripsViewController.swift; sourceTree = "<group>"; };
		02C33E342B43F35600D21A59 /* TripCell.swift */ = {isa = PBXFileReference; lastKnownFileType = sourcecode.swift; path = TripCell.swift; sourceTree = "<group>"; };
		02C33E362B4405ED00D21A59 /* UIView+Extension.swift */ = {isa = PBXFileReference; lastKnownFileType = sourcecode.swift; path = "UIView+Extension.swift"; sourceTree = "<group>"; };
		02C33E3C2B44173900D21A59 /* Theme.swift */ = {isa = PBXFileReference; lastKnownFileType = sourcecode.swift; path = Theme.swift; sourceTree = "<group>"; };
		02C33E3F2B4417AE00D21A59 /* FugazOne-Regular.ttf */ = {isa = PBXFileReference; lastKnownFileType = file; path = "FugazOne-Regular.ttf"; sourceTree = "<group>"; };
		02C33E412B4417BC00D21A59 /* Lobster-Regular.ttf */ = {isa = PBXFileReference; lastKnownFileType = file; path = "Lobster-Regular.ttf"; sourceTree = "<group>"; };
		02C33E432B44730100D21A59 /* UIButton+Extension.swift */ = {isa = PBXFileReference; lastKnownFileType = sourcecode.swift; path = "UIButton+Extension.swift"; sourceTree = "<group>"; };
/* End PBXFileReference section */

/* Begin PBXFrameworksBuildPhase section */
		02C212A62B43264600628732 /* Frameworks */ = {
			isa = PBXFrameworksBuildPhase;
			buildActionMask = 2147483647;
			files = (
			);
			runOnlyForDeploymentPostprocessing = 0;
		};
/* End PBXFrameworksBuildPhase section */

/* Begin PBXGroup section */
		024F20DB2B451FE500B926C7 /* CustomControls */ = {
			isa = PBXGroup;
			children = (
				024F20D92B451DAB00B926C7 /* PopupView.swift */,
				024F20DC2B451FF600B926C7 /* TripButton.swift */,
			);
			path = CustomControls;
			sourceTree = "<group>";
		};
		02768FE42B46BCB400FC7154 /* Activites */ = {
			isa = PBXGroup;
			children = (
				02768FE22B46BC8400FC7154 /* ActivitiesViewController.swift */,
				028088532B47962D008CFE86 /* ActivityHeader.swift */,
				028088552B47B964008CFE86 /* ActivityCell.swift */,
			);
			path = Activites;
			sourceTree = "<group>";
		};
		02C212A02B43264600628732 = {
			isa = PBXGroup;
			children = (
				02C212C02B4329E000628732 /* README.md */,
				02C212AB2B43264600628732 /* Itinerary */,
				02C212AA2B43264600628732 /* Products */,
			);
			sourceTree = "<group>";
		};
		02C212AA2B43264600628732 /* Products */ = {
			isa = PBXGroup;
			children = (
				02C212A92B43264600628732 /* Itinerary.app */,
			);
			name = Products;
			sourceTree = "<group>";
		};
		02C212AB2B43264600628732 /* Itinerary */ = {
			isa = PBXGroup;
			children = (
				02C33E382B4406C000D21A59 /* App */,
				02C33E392B4406D100D21A59 /* TripsView */,
				02C33E3A2B4406E500D21A59 /* Extensions */,
				02C33E312B43E41400D21A59 /* Model */,
				02C33E3B2B4406F300D21A59 /* Supporting Files */,
				02C33E3E2B44175900D21A59 /* Resources */,
				024F20DB2B451FE500B926C7 /* CustomControls */,
				02768FE42B46BCB400FC7154 /* Activites */,
				0297E0C52B48FD7A009E039B /* PopupViewController.swift */,
				0297E0C72B490217009E039B /* AddDayViewController.swift */,
			);
			path = Itinerary;
			sourceTree = "<group>";
		};
		02C33E312B43E41400D21A59 /* Model */ = {
			isa = PBXGroup;
			children = (
				02C33E2B2B43E08B00D21A59 /* TripModel.swift */,
				02B659182B45CF99007FEF93 /* Data.swift */,
				02C33E2D2B43E09900D21A59 /* TripFunctions.swift */,
				02768FE52B46DBD700FC7154 /* DayModel.swift */,
				02768FE72B46DD7500FC7154 /* ActivityModel.swift */,
				02768FE92B46DDA000FC7154 /* ActivityType.swift */,
			);
			path = Model;
			sourceTree = "<group>";
		};
		02C33E382B4406C000D21A59 /* App */ = {
			isa = PBXGroup;
			children = (
				02C212AC2B43264600628732 /* AppDelegate.swift */,
			);
			path = App;
			sourceTree = "<group>";
		};
		02C33E392B4406D100D21A59 /* TripsView */ = {
			isa = PBXGroup;
			children = (
				02C33E322B43EBF400D21A59 /* TripsViewController.swift */,
				02B6591A2B462750007FEF93 /* TripHelpView.swift */,
				024F20D72B450FC300B926C7 /* AddTripViewController.swift */,
				02C33E342B43F35600D21A59 /* TripCell.swift */,
			);
			path = TripsView;
			sourceTree = "<group>";
		};
		02C33E3A2B4406E500D21A59 /* Extensions */ = {
			isa = PBXGroup;
			children = (
				02C33E362B4405ED00D21A59 /* UIView+Extension.swift */,
				020564EE2B4A9E60001469DE /* UITextField+Extension.swift */,
				02C33E432B44730100D21A59 /* UIButton+Extension.swift */,
				021B8FB42B47E180000856E4 /* UITableViewCell+Extension.swift */,
				021B8FB62B47E1ED000856E4 /* UITableViewHeaderFooterView+Extension.swift */,
			);
			path = Extensions;
			sourceTree = "<group>";
		};
		02C33E3B2B4406F300D21A59 /* Supporting Files */ = {
			isa = PBXGroup;
			children = (
				02C212B52B43264800628732 /* Assets.xcassets */,
				02C212B72B43264800628732 /* LaunchScreen.storyboard */,
				02C212BA2B43264800628732 /* Info.plist */,
			);
			name = "Supporting Files";
			sourceTree = "<group>";
		};
		02C33E3E2B44175900D21A59 /* Resources */ = {
			isa = PBXGroup;
			children = (
				02C33E3F2B4417AE00D21A59 /* FugazOne-Regular.ttf */,
				02C33E412B4417BC00D21A59 /* Lobster-Regular.ttf */,
				02C33E3C2B44173900D21A59 /* Theme.swift */,
			);
			path = Resources;
			sourceTree = "<group>";
		};
/* End PBXGroup section */

/* Begin PBXNativeTarget section */
		02C212A82B43264600628732 /* Itinerary */ = {
			isa = PBXNativeTarget;
			buildConfigurationList = 02C212BD2B43264800628732 /* Build configuration list for PBXNativeTarget "Itinerary" */;
			buildPhases = (
				02C212A52B43264600628732 /* Sources */,
				02C212A62B43264600628732 /* Frameworks */,
				02C212A72B43264600628732 /* Resources */,
			);
			buildRules = (
			);
			dependencies = (
			);
			name = Itinerary;
			productName = Itinerary;
			productReference = 02C212A92B43264600628732 /* Itinerary.app */;
			productType = "com.apple.product-type.application";
		};
/* End PBXNativeTarget section */

/* Begin PBXProject section */
		02C212A12B43264600628732 /* Project object */ = {
			isa = PBXProject;
			attributes = {
				BuildIndependentTargetsInParallel = 1;
				LastSwiftUpdateCheck = 1510;
				LastUpgradeCheck = 1510;
				TargetAttributes = {
					02C212A82B43264600628732 = {
						CreatedOnToolsVersion = 15.1;
					};
				};
			};
			buildConfigurationList = 02C212A42B43264600628732 /* Build configuration list for PBXProject "Itinerary" */;
			compatibilityVersion = "Xcode 14.0";
			developmentRegion = en;
			hasScannedForEncodings = 0;
			knownRegions = (
				en,
				Base,
			);
			mainGroup = 02C212A02B43264600628732;
			productRefGroup = 02C212AA2B43264600628732 /* Products */;
			projectDirPath = "";
			projectRoot = "";
			targets = (
				02C212A82B43264600628732 /* Itinerary */,
			);
		};
/* End PBXProject section */

/* Begin PBXResourcesBuildPhase section */
		02C212A72B43264600628732 /* Resources */ = {
			isa = PBXResourcesBuildPhase;
			buildActionMask = 2147483647;
			files = (
				02C33E402B4417AE00D21A59 /* FugazOne-Regular.ttf in Resources */,
				02C33E422B4417BD00D21A59 /* Lobster-Regular.ttf in Resources */,
				02C212B92B43264800628732 /* LaunchScreen.storyboard in Resources */,
				02C212B62B43264800628732 /* Assets.xcassets in Resources */,
			);
			runOnlyForDeploymentPostprocessing = 0;
		};
/* End PBXResourcesBuildPhase section */

/* Begin PBXSourcesBuildPhase section */
		02C212A52B43264600628732 /* Sources */ = {
			isa = PBXSourcesBuildPhase;
			buildActionMask = 2147483647;
			files = (
				02B6591B2B462750007FEF93 /* TripHelpView.swift in Sources */,
				024F20DA2B451DAB00B926C7 /* PopupView.swift in Sources */,
				02C33E2C2B43E08B00D21A59 /* TripModel.swift in Sources */,
				02768FE32B46BC8400FC7154 /* ActivitiesViewController.swift in Sources */,
				0297E0C82B490217009E039B /* AddDayViewController.swift in Sources */,
				02C33E3D2B44173900D21A59 /* Theme.swift in Sources */,
				02B659192B45CF99007FEF93 /* Data.swift in Sources */,
				02768FE62B46DBD700FC7154 /* DayModel.swift in Sources */,
				02C33E372B4405ED00D21A59 /* UIView+Extension.swift in Sources */,
				02C212AD2B43264600628732 /* AppDelegate.swift in Sources */,
				028088542B47962D008CFE86 /* ActivityHeader.swift in Sources */,
				021B8FB72B47E1ED000856E4 /* UITableViewHeaderFooterView+Extension.swift in Sources */,
				0297E0C62B48FD7A009E039B /* PopupViewController.swift in Sources */,
				02C33E2E2B43E09900D21A59 /* TripFunctions.swift in Sources */,
				021B8FB52B47E180000856E4 /* UITableViewCell+Extension.swift in Sources */,
				024F20D82B450FC300B926C7 /* AddTripViewController.swift in Sources */,
				02768FEA2B46DDA000FC7154 /* ActivityType.swift in Sources */,
				028088562B47B964008CFE86 /* ActivityCell.swift in Sources */,
				02C33E442B44730100D21A59 /* UIButton+Extension.swift in Sources */,
				02768FE82B46DD7500FC7154 /* ActivityModel.swift in Sources */,
				02C33E352B43F35600D21A59 /* TripCell.swift in Sources */,
				020564EF2B4A9E60001469DE /* UITextField+Extension.swift in Sources */,
				024F20DD2B451FF600B926C7 /* TripButton.swift in Sources */,
				02C33E332B43EBF400D21A59 /* TripsViewController.swift in Sources */,
			);
			runOnlyForDeploymentPostprocessing = 0;
		};
/* End PBXSourcesBuildPhase section */

/* Begin PBXVariantGroup section */
		02C212B72B43264800628732 /* LaunchScreen.storyboard */ = {
			isa = PBXVariantGroup;
			children = (
				02C212B82B43264800628732 /* Base */,
			);
			name = LaunchScreen.storyboard;
			sourceTree = "<group>";
		};
/* End PBXVariantGroup section */

/* Begin XCBuildConfiguration section */
		02C212BB2B43264800628732 /* Debug */ = {
			isa = XCBuildConfiguration;
			buildSettings = {
				ALWAYS_SEARCH_USER_PATHS = NO;
				ASSETCATALOG_COMPILER_GENERATE_SWIFT_ASSET_SYMBOL_EXTENSIONS = YES;
				CLANG_ANALYZER_NONNULL = YES;
				CLANG_ANALYZER_NUMBER_OBJECT_CONVERSION = YES_AGGRESSIVE;
				CLANG_CXX_LANGUAGE_STANDARD = "gnu++20";
				CLANG_ENABLE_MODULES = YES;
				CLANG_ENABLE_OBJC_ARC = YES;
				CLANG_ENABLE_OBJC_WEAK = YES;
				CLANG_WARN_BLOCK_CAPTURE_AUTORELEASING = YES;
				CLANG_WARN_BOOL_CONVERSION = YES;
				CLANG_WARN_COMMA = YES;
				CLANG_WARN_CONSTANT_CONVERSION = YES;
				CLANG_WARN_DEPRECATED_OBJC_IMPLEMENTATIONS = YES;
				CLANG_WARN_DIRECT_OBJC_ISA_USAGE = YES_ERROR;
				CLANG_WARN_DOCUMENTATION_COMMENTS = YES;
				CLANG_WARN_EMPTY_BODY = YES;
				CLANG_WARN_ENUM_CONVERSION = YES;
				CLANG_WARN_INFINITE_RECURSION = YES;
				CLANG_WARN_INT_CONVERSION = YES;
				CLANG_WARN_NON_LITERAL_NULL_CONVERSION = YES;
				CLANG_WARN_OBJC_IMPLICIT_RETAIN_SELF = YES;
				CLANG_WARN_OBJC_LITERAL_CONVERSION = YES;
				CLANG_WARN_OBJC_ROOT_CLASS = YES_ERROR;
				CLANG_WARN_QUOTED_INCLUDE_IN_FRAMEWORK_HEADER = YES;
				CLANG_WARN_RANGE_LOOP_ANALYSIS = YES;
				CLANG_WARN_STRICT_PROTOTYPES = YES;
				CLANG_WARN_SUSPICIOUS_MOVE = YES;
				CLANG_WARN_UNGUARDED_AVAILABILITY = YES_AGGRESSIVE;
				CLANG_WARN_UNREACHABLE_CODE = YES;
				CLANG_WARN__DUPLICATE_METHOD_MATCH = YES;
				COPY_PHASE_STRIP = NO;
				DEBUG_INFORMATION_FORMAT = dwarf;
				ENABLE_STRICT_OBJC_MSGSEND = YES;
				ENABLE_TESTABILITY = YES;
				ENABLE_USER_SCRIPT_SANDBOXING = YES;
				GCC_C_LANGUAGE_STANDARD = gnu17;
				GCC_DYNAMIC_NO_PIC = NO;
				GCC_NO_COMMON_BLOCKS = YES;
				GCC_OPTIMIZATION_LEVEL = 0;
				GCC_PREPROCESSOR_DEFINITIONS = (
					"DEBUG=1",
					"$(inherited)",
				);
				GCC_WARN_64_TO_32_BIT_CONVERSION = YES;
				GCC_WARN_ABOUT_RETURN_TYPE = YES_ERROR;
				GCC_WARN_UNDECLARED_SELECTOR = YES;
				GCC_WARN_UNINITIALIZED_AUTOS = YES_AGGRESSIVE;
				GCC_WARN_UNUSED_FUNCTION = YES;
				GCC_WARN_UNUSED_VARIABLE = YES;
				IPHONEOS_DEPLOYMENT_TARGET = 17.2;
				LOCALIZATION_PREFERS_STRING_CATALOGS = YES;
				MTL_ENABLE_DEBUG_INFO = INCLUDE_SOURCE;
				MTL_FAST_MATH = YES;
				ONLY_ACTIVE_ARCH = YES;
				SDKROOT = iphoneos;
				SWIFT_ACTIVE_COMPILATION_CONDITIONS = "DEBUG $(inherited)";
				SWIFT_OPTIMIZATION_LEVEL = "-Onone";
			};
			name = Debug;
		};
		02C212BC2B43264800628732 /* Release */ = {
			isa = XCBuildConfiguration;
			buildSettings = {
				ALWAYS_SEARCH_USER_PATHS = NO;
				ASSETCATALOG_COMPILER_GENERATE_SWIFT_ASSET_SYMBOL_EXTENSIONS = YES;
				CLANG_ANALYZER_NONNULL = YES;
				CLANG_ANALYZER_NUMBER_OBJECT_CONVERSION = YES_AGGRESSIVE;
				CLANG_CXX_LANGUAGE_STANDARD = "gnu++20";
				CLANG_ENABLE_MODULES = YES;
				CLANG_ENABLE_OBJC_ARC = YES;
				CLANG_ENABLE_OBJC_WEAK = YES;
				CLANG_WARN_BLOCK_CAPTURE_AUTORELEASING = YES;
				CLANG_WARN_BOOL_CONVERSION = YES;
				CLANG_WARN_COMMA = YES;
				CLANG_WARN_CONSTANT_CONVERSION = YES;
				CLANG_WARN_DEPRECATED_OBJC_IMPLEMENTATIONS = YES;
				CLANG_WARN_DIRECT_OBJC_ISA_USAGE = YES_ERROR;
				CLANG_WARN_DOCUMENTATION_COMMENTS = YES;
				CLANG_WARN_EMPTY_BODY = YES;
				CLANG_WARN_ENUM_CONVERSION = YES;
				CLANG_WARN_INFINITE_RECURSION = YES;
				CLANG_WARN_INT_CONVERSION = YES;
				CLANG_WARN_NON_LITERAL_NULL_CONVERSION = YES;
				CLANG_WARN_OBJC_IMPLICIT_RETAIN_SELF = YES;
				CLANG_WARN_OBJC_LITERAL_CONVERSION = YES;
				CLANG_WARN_OBJC_ROOT_CLASS = YES_ERROR;
				CLANG_WARN_QUOTED_INCLUDE_IN_FRAMEWORK_HEADER = YES;
				CLANG_WARN_RANGE_LOOP_ANALYSIS = YES;
				CLANG_WARN_STRICT_PROTOTYPES = YES;
				CLANG_WARN_SUSPICIOUS_MOVE = YES;
				CLANG_WARN_UNGUARDED_AVAILABILITY = YES_AGGRESSIVE;
				CLANG_WARN_UNREACHABLE_CODE = YES;
				CLANG_WARN__DUPLICATE_METHOD_MATCH = YES;
				COPY_PHASE_STRIP = NO;
				DEBUG_INFORMATION_FORMAT = "dwarf-with-dsym";
				ENABLE_NS_ASSERTIONS = NO;
				ENABLE_STRICT_OBJC_MSGSEND = YES;
				ENABLE_USER_SCRIPT_SANDBOXING = YES;
				GCC_C_LANGUAGE_STANDARD = gnu17;
				GCC_NO_COMMON_BLOCKS = YES;
				GCC_WARN_64_TO_32_BIT_CONVERSION = YES;
				GCC_WARN_ABOUT_RETURN_TYPE = YES_ERROR;
				GCC_WARN_UNDECLARED_SELECTOR = YES;
				GCC_WARN_UNINITIALIZED_AUTOS = YES_AGGRESSIVE;
				GCC_WARN_UNUSED_FUNCTION = YES;
				GCC_WARN_UNUSED_VARIABLE = YES;
				IPHONEOS_DEPLOYMENT_TARGET = 17.2;
				LOCALIZATION_PREFERS_STRING_CATALOGS = YES;
				MTL_ENABLE_DEBUG_INFO = NO;
				MTL_FAST_MATH = YES;
				SDKROOT = iphoneos;
				SWIFT_COMPILATION_MODE = wholemodule;
				VALIDATE_PRODUCT = YES;
			};
			name = Release;
		};
		02C212BE2B43264800628732 /* Debug */ = {
			isa = XCBuildConfiguration;
			buildSettings = {
				ASSETCATALOG_COMPILER_APPICON_NAME = AppIcon;
				ASSETCATALOG_COMPILER_GLOBAL_ACCENT_COLOR_NAME = AccentColor;
				CODE_SIGN_STYLE = Automatic;
				CURRENT_PROJECT_VERSION = 1;
				DEVELOPMENT_TEAM = 723HTEFHBA;
				GENERATE_INFOPLIST_FILE = YES;
				INFOPLIST_FILE = Itinerary/Info.plist;
				INFOPLIST_KEY_UIApplicationSupportsIndirectInputEvents = YES;
				INFOPLIST_KEY_UILaunchStoryboardName = LaunchScreen;
				INFOPLIST_KEY_UISupportedInterfaceOrientations_iPad = "UIInterfaceOrientationPortrait UIInterfaceOrientationPortraitUpsideDown UIInterfaceOrientationLandscapeLeft UIInterfaceOrientationLandscapeRight";
				INFOPLIST_KEY_UISupportedInterfaceOrientations_iPhone = "UIInterfaceOrientationPortrait UIInterfaceOrientationLandscapeLeft UIInterfaceOrientationLandscapeRight";
				INFOPLIST_KEY_UIUserInterfaceStyle = Light;
				IPHONEOS_DEPLOYMENT_TARGET = 17.0;
				LD_RUNPATH_SEARCH_PATHS = (
					"$(inherited)",
					"@executable_path/Frameworks",
				);
				MARKETING_VERSION = 0.1.1;
				PRODUCT_BUNDLE_IDENTIFIER = ru.fibeapp.Itinerary;
				PRODUCT_NAME = "$(TARGET_NAME)";
				SWIFT_EMIT_LOC_STRINGS = YES;
				SWIFT_VERSION = 5.0;
				TARGETED_DEVICE_FAMILY = "1,2";
			};
			name = Debug;
		};
		02C212BF2B43264800628732 /* Release */ = {
			isa = XCBuildConfiguration;
			buildSettings = {
				ASSETCATALOG_COMPILER_APPICON_NAME = AppIcon;
				ASSETCATALOG_COMPILER_GLOBAL_ACCENT_COLOR_NAME = AccentColor;
				CODE_SIGN_STYLE = Automatic;
				CURRENT_PROJECT_VERSION = 1;
				DEVELOPMENT_TEAM = 723HTEFHBA;
				GENERATE_INFOPLIST_FILE = YES;
				INFOPLIST_FILE = Itinerary/Info.plist;
				INFOPLIST_KEY_UIApplicationSupportsIndirectInputEvents = YES;
				INFOPLIST_KEY_UILaunchStoryboardName = LaunchScreen;
				INFOPLIST_KEY_UISupportedInterfaceOrientations_iPad = "UIInterfaceOrientationPortrait UIInterfaceOrientationPortraitUpsideDown UIInterfaceOrientationLandscapeLeft UIInterfaceOrientationLandscapeRight";
				INFOPLIST_KEY_UISupportedInterfaceOrientations_iPhone = "UIInterfaceOrientationPortrait UIInterfaceOrientationLandscapeLeft UIInterfaceOrientationLandscapeRight";
				INFOPLIST_KEY_UIUserInterfaceStyle = Light;
				IPHONEOS_DEPLOYMENT_TARGET = 17.0;
				LD_RUNPATH_SEARCH_PATHS = (
					"$(inherited)",
					"@executable_path/Frameworks",
				);
				MARKETING_VERSION = 0.1.1;
				PRODUCT_BUNDLE_IDENTIFIER = ru.fibeapp.Itinerary;
				PRODUCT_NAME = "$(TARGET_NAME)";
				SWIFT_EMIT_LOC_STRINGS = YES;
				SWIFT_VERSION = 5.0;
				TARGETED_DEVICE_FAMILY = "1,2";
			};
			name = Release;
		};
/* End XCBuildConfiguration section */

/* Begin XCConfigurationList section */
		02C212A42B43264600628732 /* Build configuration list for PBXProject "Itinerary" */ = {
			isa = XCConfigurationList;
			buildConfigurations = (
				02C212BB2B43264800628732 /* Debug */,
				02C212BC2B43264800628732 /* Release */,
			);
			defaultConfigurationIsVisible = 0;
			defaultConfigurationName = Release;
		};
		02C212BD2B43264800628732 /* Build configuration list for PBXNativeTarget "Itinerary" */ = {
			isa = XCConfigurationList;
			buildConfigurations = (
				02C212BE2B43264800628732 /* Debug */,
				02C212BF2B43264800628732 /* Release */,
			);
			defaultConfigurationIsVisible = 0;
			defaultConfigurationName = Release;
		};
/* End XCConfigurationList section */
	};
	rootObject = 02C212A12B43264600628732 /* Project object */;
}
